
Microsoft Visual Studio Solution File, Format Version 12.00
# Visual Studio 15
VisualStudioVersion = 15.0.27428.2005
MinimumVisualStudioVersion = 10.0.40219.1
Project("{FAE04EC0-301F-11D3-BF4B-00C04F79EFBC}") = "BooksTask", "BooksTask\BooksTask.csproj", "{E3A7E485-6BFA-49C6-A24D-408D5EE22D4F}"
EndProject
Project("{FAE04EC0-301F-11D3-BF4B-00C04F79EFBC}") = "BookStorage", "BookStorage\BookStorage.csproj", "{71E5F832-13B5-475F-ADBA-0BB251847E5D}"
EndProject
Project("{FAE04EC0-301F-11D3-BF4B-00C04F79EFBC}") = "BookService", "BookService\BookService.csproj", "{7285BBF4-5FDE-47D1-B403-5D9A858F3161}"
EndProject
Global
	GlobalSection(SolutionConfigurationPlatforms) = preSolution
		Debug|Any CPU = Debug|Any CPU
		Release|Any CPU = Release|Any CPU
	EndGlobalSection
	GlobalSection(ProjectConfigurationPlatforms) = postSolution
		{E3A7E485-6BFA-49C6-A24D-408D5EE22D4F}.Debug|Any CPU.ActiveCfg = Debug|Any CPU
		{E3A7E485-6BFA-49C6-A24D-408D5EE22D4F}.Debug|Any CPU.Build.0 = Debug|Any CPU
		{E3A7E485-6BFA-49C6-A24D-408D5EE22D4F}.Release|Any CPU.ActiveCfg = Release|Any CPU
		{E3A7E485-6BFA-49C6-A24D-408D5EE22D4F}.Release|Any CPU.Build.0 = Release|Any CPU
		{71E5F832-13B5-475F-ADBA-0BB251847E5D}.Debug|Any CPU.ActiveCfg = Debug|Any CPU
		{71E5F832-13B5-475F-ADBA-0BB251847E5D}.Debug|Any CPU.Build.0 = Debug|Any CPU
		{71E5F832-13B5-475F-ADBA-0BB251847E5D}.Release|Any CPU.ActiveCfg = Release|Any CPU
		{71E5F832-13B5-475F-ADBA-0BB251847E5D}.Release|Any CPU.Build.0 = Release|Any CPU
		{7285BBF4-5FDE-47D1-B403-5D9A858F3161}.Debug|Any CPU.ActiveCfg = Debug|Any CPU
		{7285BBF4-5FDE-47D1-B403-5D9A858F3161}.Debug|Any CPU.Build.0 = Debug|Any CPU
		{7285BBF4-5FDE-47D1-B403-5D9A858F3161}.Release|Any CPU.ActiveCfg = Release|Any CPU
		{7285BBF4-5FDE-47D1-B403-5D9A858F3161}.Release|Any CPU.Build.0 = Release|Any CPU
	EndGlobalSection
	GlobalSection(SolutionProperties) = preSolution
		HideSolutionNode = FALSE
	EndGlobalSection
	GlobalSection(ExtensibilityGlobals) = postSolution
		SolutionGuid = {BD3FF888-710D-40C0-9AA1-6CDE12F68580}
	EndGlobalSection
EndGlobal
